github.com/carlmjohnson/requests v0.26.1 h1:kFt5j1XsynNKoladW2qJdP9S+UdigvGLW+53DXbN5F4=
github.com/carlmjohnson/requests v0.26.1/go.mod h1:qMGUsG9/8MbvYRMGwvMBVSQQmRswVcVMAzexVyy038g=
github.com/earthboundkid/assert v0.26.6 h1:EZwMt6+i9dsnJ7+VEyDjHjfnlcZyXtYCgzMfxvxOUR0=
github.com/earthboundkid/assert v0.26.6/go.mod h1:vctZ82uDOVsYzYb4NP94i/+QRzfJKM2UoNjoehSHODI=
golang.org/x/net v0.59.0 h1:5zfYln+w5XCxwrnMMJPufRgNoXEaGxl0wo5GqPXyues=
golang.org/x/net v0.59.0/go.mod h1:2DA/G1UfVbCpQPeWTmMPGY7Cs2PkBkwu743bVX5PIVg=
