github.com/carlmjohnson/be v0.25.2 h1:EPTT7qCF5xJjcgrV5yX/muP5HTqSJR2VOjO6O4l9cYE=
github.com/carlmjohnson/be v0.25.2/go.mod h1:2P+bH/INocW7e411OYCCIwT3nnJneZyveVav0WBBM1U=
github.com/carlmjohnson/requests v0.25.1 h1:17zNRLecxtAjhtdEIV+F+wrYfe+AGZUjWJtpndcOUYA=
github.com/carlmjohnson/requests v0.25.1/go.mod h1:z3UEf8IE4sZxZ78spW6/tLdqBkfCu1Fn4RaYMnZ8SRM=
golang.org/x/net v0.53.0 h1:d+qAbo5L0orcWAr0a9JweQpjXF19LMXJE8Ey7hwOdUA=
golang.org/x/net v0.53.0/go.mod h1:JvMuJH7rrdiCfbeHoo3fCQU24Lf5JJwT9W3sJFulfgs=
